
Microsoft Visual Studio Solution File, Format Version 12.00
# Visual Studio 15
VisualStudioVersion = 15.0.27130.2026
MinimumVisualStudioVersion = 10.0.40219.1
Project("{FAE04EC0-301F-11D3-BF4B-00C04F79EFBC}") = "Accounts", "Accounts\Accounts.csproj", "{D8EF20D8-733C-4693-97B1-701A3AE3AD3D}"
EndProject
Global
	GlobalSection(SolutionConfigurationPlatforms) = preSolution
		Debug|Any CPU = Debug|Any CPU
		Release|Any CPU = Release|Any CPU
	EndGlobalSection
	GlobalSection(ProjectConfigurationPlatforms) = postSolution
		{D8EF20D8-733C-4693-97B1-701A3AE3AD3D}.Debug|Any CPU.ActiveCfg = Debug|Any CPU
		{D8EF20D8-733C-4693-97B1-701A3AE3AD3D}.Debug|Any CPU.Build.0 = Debug|Any CPU
		{D8EF20D8-733C-4693-97B1-701A3AE3AD3D}.Release|Any CPU.ActiveCfg = Release|Any CPU
		{D8EF20D8-733C-4693-97B1-701A3AE3AD3D}.Release|Any CPU.Build.0 = Release|Any CPU
	EndGlobalSection
	GlobalSection(SolutionProperties) = preSolution
		HideSolutionNode = FALSE
	EndGlobalSection
	GlobalSection(ExtensibilityGlobals) = postSolution
		SolutionGuid = {902A59C7-630A-4BB7-A2C0-4F23A640F3B8}
	EndGlobalSection
EndGlobal
